// !$*UTF8*$!
{
	archiveVersion = 1;
	classes = {
	};
	objectVersion = 55;
	objects = {

/* Begin PBXBuildFile section */
		6D4FBFD32875EA4C00C791EB /* AppDelegate.swift in Sources */ = {isa = PBXBuildFile; fileRef = 6D4FBFD22875EA4C00C791EB /* AppDelegate.swift */; };
		6D4FBFD52875EA4C00C791EB /* SceneDelegate.swift in Sources */ = {isa = PBXBuildFile; fileRef = 6D4FBFD42875EA4C00C791EB /* SceneDelegate.swift */; };
		6D4FBFD72875EA4C00C791EB /* ViewController.swift in Sources */ = {isa = PBXBuildFile; fileRef = 6D4FBFD62875EA4C00C791EB /* ViewController.swift */; };
		6D4FBFDA2875EA4C00C791EB /* Main.storyboard in Resources */ = {isa = PBXBuildFile; fileRef = 6D4FBFD82875EA4C00C791EB /* Main.storyboard */; };
		6D4FBFDD2875EA4C00C791EB /* WeatherApp.xcdatamodeld in Sources */ = {isa = PBXBuildFile; fileRef = 6D4FBFDB2875EA4C00C791EB /* WeatherApp.xcdatamodeld */; };
		6D4FBFDF2875EA4D00C791EB /* Assets.xcassets in Resources */ = {isa = PBXBuildFile; fileRef = 6D4FBFDE2875EA4D00C791EB /* Assets.xcassets */; };
		6D4FBFE22875EA4D00C791EB /* LaunchScreen.storyboard in Resources */ = {isa = PBXBuildFile; fileRef = 6D4FBFE02875EA4D00C791EB /* LaunchScreen.storyboard */; };
		6D4FBFED2875EA4D00C791EB /* WeatherAppTests.swift in Sources */ = {isa = PBXBuildFile; fileRef = 6D4FBFEC2875EA4D00C791EB /* WeatherAppTests.swift */; };
		6D4FBFF72875EA4D00C791EB /* WeatherAppUITests.swift in Sources */ = {isa = PBXBuildFile; fileRef = 6D4FBFF62875EA4D00C791EB /* WeatherAppUITests.swift */; };
		6D4FBFF92875EA4D00C791EB /* WeatherAppUITestsLaunchTests.swift in Sources */ = {isa = PBXBuildFile; fileRef = 6D4FBFF82875EA4D00C791EB /* WeatherAppUITestsLaunchTests.swift */; };
/* End PBXBuildFile section */

/* Begin PBXContainerItemProxy section */
		6D4FBFE92875EA4D00C791EB /* PBXContainerItemProxy */ = {
			isa = PBXContainerItemProxy;
			containerPortal = 6D4FBFC72875EA4C00C791EB /* Project object */;
			proxyType = 1;
			remoteGlobalIDString = 6D4FBFCE2875EA4C00C791EB;
			remoteInfo = WeatherApp;
		};
		6D4FBFF32875EA4D00C791EB /* PBXContainerItemProxy */ = {
			isa = PBXContainerItemProxy;
			containerPortal = 6D4FBFC72875EA4C00C791EB /* Project object */;
			proxyType = 1;
			remoteGlobalIDString = 6D4FBFCE2875EA4C00C791EB;
			remoteInfo = WeatherApp;
		};
/* End PBXContainerItemProxy section */

/* Begin PBXFileReference section */
		6D4FBFCF2875EA4C00C791EB /* WeatherApp.app */ = {isa = PBXFileReference; explicitFileType = wrapper.application; includeInIndex = 0; path = WeatherApp.app; sourceTree = BUILT_PRODUCTS_DIR; };
		6D4FBFD22875EA4C00C791EB /* AppDelegate.swift */ = {isa = PBXFileReference; lastKnownFileType = sourcecode.swift; path = AppDelegate.swift; sourceTree = "<group>"; };
		6D4FBFD42875EA4C00C791EB /* SceneDelegate.swift */ = {isa = PBXFileReference; lastKnownFileType = sourcecode.swift; path = SceneDelegate.swift; sourceTree = "<group>"; };
		6D4FBFD62875EA4C00C791EB /* ViewController.swift */ = {isa = PBXFileReference; lastKnownFileType = sourcecode.swift; path = ViewController.swift; sourceTree = "<group>"; };
		6D4FBFD92875EA4C00C791EB /* Base */ = {isa = PBXFileReference; lastKnownFileType = file.storyboard; name = Base; path = Base.lproj/Main.storyboard; sourceTree = "<group>"; };
		6D4FBFDC2875EA4C00C791EB /* WeatherApp.xcdatamodel */ = {isa = PBXFileReference; lastKnownFileType = wrapper.xcdatamodel; path = WeatherApp.xcdatamodel; sourceTree = "<group>"; };
		6D4FBFDE2875EA4D00C791EB /* Assets.xcassets */ = {isa = PBXFileReference; lastKnownFileType = folder.assetcatalog; path = Assets.xcassets; sourceTree = "<group>"; };
		6D4FBFE12875EA4D00C791EB /* Base */ = {isa = PBXFileReference; lastKnownFileType = file.storyboard; name = Base; path = Base.lproj/LaunchScreen.storyboard; sourceTree = "<group>"; };
		6D4FBFE32875EA4D00C791EB /* Info.plist */ = {isa = PBXFileReference; lastKnownFileType = text.plist.xml; path = Info.plist; sourceTree = "<group>"; };
		6D4FBFE82875EA4D00C791EB /* WeatherAppTests.xctest */ = {isa = PBXFileReference; explicitFileType = wrapper.cfbundle; includeInIndex = 0; path = WeatherAppTests.xctest; sourceTree = BUILT_PRODUCTS_DIR; };
		6D4FBFEC2875EA4D00C791EB /* WeatherAppTests.swift */ = {isa = PBXFileReference; lastKnownFileType = sourcecode.swift; path = WeatherAppTests.swift; sourceTree = "<group>"; };
		6D4FBFF22875EA4D00C791EB /* WeatherAppUITests.xctest */ = {isa = PBXFileReference; explicitFileType = wrapper.cfbundle; includeInIndex = 0; path = WeatherAppUITests.xctest; sourceTree = BUILT_PRODUCTS_DIR; };
		6D4FBFF62875EA4D00C791EB /* WeatherAppUITests.swift */ = {isa = PBXFileReference; lastKnownFileType = sourcecode.swift; path = WeatherAppUITests.swift; sourceTree = "<group>"; };
		6D4FBFF82875EA4D00C791EB /* WeatherAppUITestsLaunchTests.swift */ = {isa = PBXFileReference; lastKnownFileType = sourcecode.swift; path = WeatherAppUITestsLaunchTests.swift; sourceTree = "<group>"; };
/* End PBXFileReference section */

/* Begin PBXFrameworksBuildPhase section */
		6D4FBFCC2875EA4C00C791EB /* Frameworks */ = {
			isa = PBXFrameworksBuildPhase;
			buildActionMask = 2147483647;
			files = (
			);
			runOnlyForDeploymentPostprocessing = 0;
		};
		6D4FBFE52875EA4D00C791EB /* Frameworks */ = {
			isa = PBXFrameworksBuildPhase;
			buildActionMask = 2147483647;
			files = (
			);
			runOnlyForDeploymentPostprocessing = 0;
		};
		6D4FBFEF2875EA4D00C791EB /* Frameworks */ = {
			isa = PBXFrameworksBuildPhase;
			buildActionMask = 2147483647;
			files = (
			);
			runOnlyForDeploymentPostprocessing = 0;
		};
/* End PBXFrameworksBuildPhase section */

/* Begin PBXGroup section */
		6D4FBFC62875EA4C00C791EB = {
			isa = PBXGroup;
			children = (
				6D4FBFD12875EA4C00C791EB /* WeatherApp */,
				6D4FBFEB2875EA4D00C791EB /* WeatherAppTests */,
				6D4FBFF52875EA4D00C791EB /* WeatherAppUITests */,
				6D4FBFD02875EA4C00C791EB /* Products */,
			);
			sourceTree = "<group>";
		};
		6D4FBFD02875EA4C00C791EB /* Products */ = {
			isa = PBXGroup;
			children = (
				6D4FBFCF2875EA4C00C791EB /* WeatherApp.app */,
				6D4FBFE82875EA4D00C791EB /* WeatherAppTests.xctest */,
				6D4FBFF22875EA4D00C791EB /* WeatherAppUITests.xctest */,
			);
			name = Products;
			sourceTree = "<group>";
		};
		6D4FBFD12875EA4C00C791EB /* WeatherApp */ = {
			isa = PBXGroup;
			children = (
				6D4FBFD22875EA4C00C791EB /* AppDelegate.swift */,
				6D4FBFD42875EA4C00C791EB /* SceneDelegate.swift */,
				6D4FBFD62875EA4C00C791EB /* ViewController.swift */,
				6D4FBFD82875EA4C00C791EB /* Main.storyboard */,
				6D4FBFDE2875EA4D00C791EB /* Assets.xcassets */,
				6D4FBFE02875EA4D00C791EB /* LaunchScreen.storyboard */,
				6D4FBFE32875EA4D00C791EB /* Info.plist */,
				6D4FBFDB2875EA4C00C791EB /* WeatherApp.xcdatamodeld */,
			);
			path = WeatherApp;
			sourceTree = "<group>";
		};
		6D4FBFEB2875EA4D00C791EB /* WeatherAppTests */ = {
			isa = PBXGroup;
			children = (
				6D4FBFEC2875EA4D00C791EB /* WeatherAppTests.swift */,
			);
			path = WeatherAppTests;
			sourceTree = "<group>";
		};
		6D4FBFF52875EA4D00C791EB /* WeatherAppUITests */ = {
			isa = PBXGroup;
			children = (
				6D4FBFF62875EA4D00C791EB /* WeatherAppUITests.swift */,
				6D4FBFF82875EA4D00C791EB /* WeatherAppUITestsLaunchTests.swift */,
			);
			path = WeatherAppUITests;
			sourceTree = "<group>";
		};
/* End PBXGroup section */

/* Begin PBXNativeTarget section */
		6D4FBFCE2875EA4C00C791EB /* WeatherApp */ = {
			isa = PBXNativeTarget;
			buildConfigurationList = 6D4FBFFC2875EA4D00C791EB /* Build configuration list for PBXNativeTarget "WeatherApp" */;
			buildPhases = (
				6D4FBFCB2875EA4C00C791EB /* Sources */,
				6D4FBFCC2875EA4C00C791EB /* Frameworks */,
				6D4FBFCD2875EA4C00C791EB /* Resources */,
			);
			buildRules = (
			);
			dependencies = (
			);
			name = WeatherApp;
			productName = WeatherApp;
			productReference = 6D4FBFCF2875EA4C00C791EB /* WeatherApp.app */;
			productType = "com.apple.product-type.application";
		};
		6D4FBFE72875EA4D00C791EB /* WeatherAppTests */ = {
			isa = PBXNativeTarget;
			buildConfigurationList = 6D4FBFFF2875EA4D00C791EB /* Build configuration list for PBXNativeTarget "WeatherAppTests" */;
			buildPhases = (
				6D4FBFE42875EA4D00C791EB /* Sources */,
				6D4FBFE52875EA4D00C791EB /* Frameworks */,
				6D4FBFE62875EA4D00C791EB /* Resources */,
			);
			buildRules = (
			);
			dependencies = (
				6D4FBFEA2875EA4D00C791EB /* PBXTargetDependency */,
			);
			name = WeatherAppTests;
			productName = WeatherAppTests;
			productReference = 6D4FBFE82875EA4D00C791EB /* WeatherAppTests.xctest */;
			productType = "com.apple.product-type.bundle.unit-test";
		};
		6D4FBFF12875EA4D00C791EB /* WeatherAppUITests */ = {
			isa = PBXNativeTarget;
			buildConfigurationList = 6D4FC0022875EA4D00C791EB /* Build configuration list for PBXNativeTarget "WeatherAppUITests" */;
			buildPhases = (
				6D4FBFEE2875EA4D00C791EB /* Sources */,
				6D4FBFEF2875EA4D00C791EB /* Frameworks */,
				6D4FBFF02875EA4D00C791EB /* Resources */,
			);
			buildRules = (
			);
			dependencies = (
				6D4FBFF42875EA4D00C791EB /* PBXTargetDependency */,
			);
			name = WeatherAppUITests;
			productName = WeatherAppUITests;
			productReference = 6D4FBFF22875EA4D00C791EB /* WeatherAppUITests.xctest */;
			productType = "com.apple.product-type.bundle.ui-testing";
		};
/* End PBXNativeTarget section */

/* Begin PBXProject section */
		6D4FBFC72875EA4C00C791EB /* Project object */ = {
			isa = PBXProject;
			attributes = {
				BuildIndependentTargetsInParallel = 1;
				LastSwiftUpdateCheck = 1340;
				LastUpgradeCheck = 1340;
				TargetAttributes = {
					6D4FBFCE2875EA4C00C791EB = {
						CreatedOnToolsVersion = 13.4.1;
					};
					6D4FBFE72875EA4D00C791EB = {
						CreatedOnToolsVersion = 13.4.1;
						TestTargetID = 6D4FBFCE2875EA4C00C791EB;
					};
					6D4FBFF12875EA4D00C791EB = {
						CreatedOnToolsVersion = 13.4.1;
						TestTargetID = 6D4FBFCE2875EA4C00C791EB;
					};
				};
			};
			buildConfigurationList = 6D4FBFCA2875EA4C00C791EB /* Build configuration list for PBXProject "WeatherApp" */;
			compatibilityVersion = "Xcode 13.0";
			developmentRegion = en;
			hasScannedForEncodings = 0;
			knownRegions = (
				en,
				Base,
			);
			mainGroup = 6D4FBFC62875EA4C00C791EB;
			productRefGroup = 6D4FBFD02875EA4C00C791EB /* Products */;
			projectDirPath = "";
			projectRoot = "";
			targets = (
				6D4FBFCE2875EA4C00C791EB /* WeatherApp */,
				6D4FBFE72875EA4D00C791EB /* WeatherAppTests */,
				6D4FBFF12875EA4D00C791EB /* WeatherAppUITests */,
			);
		};
/* End PBXProject section */

/* Begin PBXResourcesBuildPhase section */
		6D4FBFCD2875EA4C00C791EB /* Resources */ = {
			isa = PBXResourcesBuildPhase;
			buildActionMask = 2147483647;
			files = (
				6D4FBFE22875EA4D00C791EB /* LaunchScreen.storyboard in Resources */,
				6D4FBFDF2875EA4D00C791EB /* Assets.xcassets in Resources */,
				6D4FBFDA2875EA4C00C791EB /* Main.storyboard in Resources */,
			);
			runOnlyForDeploymentPostprocessing = 0;
		};
		6D4FBFE62875EA4D00C791EB /* Resources */ = {
			isa = PBXResourcesBuildPhase;
			buildActionMask = 2147483647;
			files = (
			);
			runOnlyForDeploymentPostprocessing = 0;
		};
		6D4FBFF02875EA4D00C791EB /* Resources */ = {
			isa = PBXResourcesBuildPhase;
			buildActionMask = 2147483647;
			files = (
			);
			runOnlyForDeploymentPostprocessing = 0;
		};
/* End PBXResourcesBuildPhase section */

/* Begin PBXSourcesBuildPhase section */
		6D4FBFCB2875EA4C00C791EB /* Sources */ = {
			isa = PBXSourcesBuildPhase;
			buildActionMask = 2147483647;
			files = (
				6D4FBFDD2875EA4C00C791EB /* WeatherApp.xcdatamodeld in Sources */,
				6D4FBFD72875EA4C00C791EB /* ViewController.swift in Sources */,
				6D4FBFD32875EA4C00C791EB /* AppDelegate.swift in Sources */,
				6D4FBFD52875EA4C00C791EB /* SceneDelegate.swift in Sources */,
			);
			runOnlyForDeploymentPostprocessing = 0;
		};
		6D4FBFE42875EA4D00C791EB /* Sources */ = {
			isa = PBXSourcesBuildPhase;
			buildActionMask = 2147483647;
			files = (
				6D4FBFED2875EA4D00C791EB /* WeatherAppTests.swift in Sources */,
			);
			runOnlyForDeploymentPostprocessing = 0;
		};
		6D4FBFEE2875EA4D00C791EB /* Sources */ = {
			isa = PBXSourcesBuildPhase;
			buildActionMask = 2147483647;
			files = (
				6D4FBFF72875EA4D00C791EB /* WeatherAppUITests.swift in Sources */,
				6D4FBFF92875EA4D00C791EB /* WeatherAppUITestsLaunchTests.swift in Sources */,
			);
			runOnlyForDeploymentPostprocessing = 0;
		};
/* End PBXSourcesBuildPhase section */

/* Begin PBXTargetDependency section */
		6D4FBFEA2875EA4D00C791EB /* PBXTargetDependency */ = {
			isa = PBXTargetDependency;
			target = 6D4FBFCE2875EA4C00C791EB /* WeatherApp */;
			targetProxy = 6D4FBFE92875EA4D00C791EB /* PBXContainerItemProxy */;
		};
		6D4FBFF42875EA4D00C791EB /* PBXTargetDependency */ = {
			isa = PBXTargetDependency;
			target = 6D4FBFCE2875EA4C00C791EB /* WeatherApp */;
			targetProxy = 6D4FBFF32875EA4D00C791EB /* PBXContainerItemProxy */;
		};
/* End PBXTargetDependency section */

/* Begin PBXVariantGroup section */
		6D4FBFD82875EA4C00C791EB /* Main.storyboard */ = {
			isa = PBXVariantGroup;
			children = (
				6D4FBFD92875EA4C00C791EB /* Base */,
			);
			name = Main.storyboard;
			sourceTree = "<group>";
		};
		6D4FBFE02875EA4D00C791EB /* LaunchScreen.storyboard */ = {
			isa = PBXVariantGroup;
			children = (
				6D4FBFE12875EA4D00C791EB /* Base */,
			);
			name = LaunchScreen.storyboard;
			sourceTree = "<group>";
		};
/* End PBXVariantGroup section */

/* Begin XCBuildConfiguration section */
		6D4FBFFA2875EA4D00C791EB /* Debug */ = {
			isa = XCBuildConfiguration;
			buildSettings = {
				ALWAYS_SEARCH_USER_PATHS = NO;
				CLANG_ANALYZER_NONNULL = YES;
				CLANG_ANALYZER_NUMBER_OBJECT_CONVERSION = YES_AGGRESSIVE;
				CLANG_CXX_LANGUAGE_STANDARD = "gnu++17";
				CLANG_ENABLE_MODULES = YES;
				CLANG_ENABLE_OBJC_ARC = YES;
				CLANG_ENABLE_OBJC_WEAK = YES;
				CLANG_WARN_BLOCK_CAPTURE_AUTORELEASING = YES;
				CLANG_WARN_BOOL_CONVERSION = YES;
				CLANG_WARN_COMMA = YES;
				CLANG_WARN_CONSTANT_CONVERSION = YES;
				CLANG_WARN_DEPRECATED_OBJC_IMPLEMENTATIONS = YES;
				CLANG_WARN_DIRECT_OBJC_ISA_USAGE = YES_ERROR;
				CLANG_WARN_DOCUMENTATION_COMMENTS = YES;
				CLANG_WARN_EMPTY_BODY = YES;
				CLANG_WARN_ENUM_CONVERSION = YES;
				CLANG_WARN_INFINITE_RECURSION = YES;
				CLANG_WARN_INT_CONVERSION = YES;
				CLANG_WARN_NON_LITERAL_NULL_CONVERSION = YES;
				CLANG_WARN_OBJC_IMPLICIT_RETAIN_SELF = YES;
				CLANG_WARN_OBJC_LITERAL_CONVERSION = YES;
				CLANG_WARN_OBJC_ROOT_CLASS = YES_ERROR;
				CLANG_WARN_QUOTED_INCLUDE_IN_FRAMEWORK_HEADER = YES;
				CLANG_WARN_RANGE_LOOP_ANALYSIS = YES;
				CLANG_WARN_STRICT_PROTOTYPES = YES;
				CLANG_WARN_SUSPICIOUS_MOVE = YES;
				CLANG_WARN_UNGUARDED_AVAILABILITY = YES_AGGRESSIVE;
				CLANG_WARN_UNREACHABLE_CODE = YES;
				CLANG_WARN__DUPLICATE_METHOD_MATCH = YES;
				COPY_PHASE_STRIP = NO;
				DEBUG_INFORMATION_FORMAT = dwarf;
				ENABLE_STRICT_OBJC_MSGSEND = YES;
				ENABLE_TESTABILITY = YES;
				GCC_C_LANGUAGE_STANDARD = gnu11;
				GCC_DYNAMIC_NO_PIC = NO;
				GCC_NO_COMMON_BLOCKS = YES;
				GCC_OPTIMIZATION_LEVEL = 0;
				GCC_PREPROCESSOR_DEFINITIONS = (
					"DEBUG=1",
					"$(inherited)",
				);
				GCC_WARN_64_TO_32_BIT_CONVERSION = YES;
				GCC_WARN_ABOUT_RETURN_TYPE = YES_ERROR;
				GCC_WARN_UNDECLARED_SELECTOR = YES;
				GCC_WARN_UNINITIALIZED_AUTOS = YES_AGGRESSIVE;
				GCC_WARN_UNUSED_FUNCTION = YES;
				GCC_WARN_UNUSED_VARIABLE = YES;
				IPHONEOS_DEPLOYMENT_TARGET = 15.5;
				MTL_ENABLE_DEBUG_INFO = INCLUDE_SOURCE;
				MTL_FAST_MATH = YES;
				ONLY_ACTIVE_ARCH = YES;
				SDKROOT = iphoneos;
				SWIFT_ACTIVE_COMPILATION_CONDITIONS = DEBUG;
				SWIFT_OPTIMIZATION_LEVEL = "-Onone";
			};
			name = Debug;
		};
		6D4FBFFB2875EA4D00C791EB /* Release */ = {
			isa = XCBuildConfiguration;
			buildSettings = {
				ALWAYS_SEARCH_USER_PATHS = NO;
				CLANG_ANALYZER_NONNULL = YES;
				CLANG_ANALYZER_NUMBER_OBJECT_CONVERSION = YES_AGGRESSIVE;
				CLANG_CXX_LANGUAGE_STANDARD = "gnu++17";
				CLANG_ENABLE_MODULES = YES;
				CLANG_ENABLE_OBJC_ARC = YES;
				CLANG_ENABLE_OBJC_WEAK = YES;
				CLANG_WARN_BLOCK_CAPTURE_AUTORELEASING = YES;
				CLANG_WARN_BOOL_CONVERSION = YES;
				CLANG_WARN_COMMA = YES;
				CLANG_WARN_CONSTANT_CONVERSION = YES;
				CLANG_WARN_DEPRECATED_OBJC_IMPLEMENTATIONS = YES;
				CLANG_WARN_DIRECT_OBJC_ISA_USAGE = YES_ERROR;
				CLANG_WARN_DOCUMENTATION_COMMENTS = YES;
				CLANG_WARN_EMPTY_BODY = YES;
				CLANG_WARN_ENUM_CONVERSION = YES;
				CLANG_WARN_INFINITE_RECURSION = YES;
				CLANG_WARN_INT_CONVERSION = YES;
				CLANG_WARN_NON_LITERAL_NULL_CONVERSION = YES;
				CLANG_WARN_OBJC_IMPLICIT_RETAIN_SELF = YES;
				CLANG_WARN_OBJC_LITERAL_CONVERSION = YES;
				CLANG_WARN_OBJC_ROOT_CLASS = YES_ERROR;
				CLANG_WARN_QUOTED_INCLUDE_IN_FRAMEWORK_HEADER = YES;
				CLANG_WARN_RANGE_LOOP_ANALYSIS = YES;
				CLANG_WARN_STRICT_PROTOTYPES = YES;
				CLANG_WARN_SUSPICIOUS_MOVE = YES;
				CLANG_WARN_UNGUARDED_AVAILABILITY = YES_AGGRESSIVE;
				CLANG_WARN_UNREACHABLE_CODE = YES;
				CLANG_WARN__DUPLICATE_METHOD_MATCH = YES;
				COPY_PHASE_STRIP = NO;
				DEBUG_INFORMATION_FORMAT = "dwarf-with-dsym";
				ENABLE_NS_ASSERTIONS = NO;
				ENABLE_STRICT_OBJC_MSGSEND = YES;
				GCC_C_LANGUAGE_STANDARD = gnu11;
				GCC_NO_COMMON_BLOCKS = YES;
				GCC_WARN_64_TO_32_BIT_CONVERSION = YES;
				GCC_WARN_ABOUT_RETURN_TYPE = YES_ERROR;
				GCC_WARN_UNDECLARED_SELECTOR = YES;
				GCC_WARN_UNINITIALIZED_AUTOS = YES_AGGRESSIVE;
				GCC_WARN_UNUSED_FUNCTION = YES;
				GCC_WARN_UNUSED_VARIABLE = YES;
				IPHONEOS_DEPLOYMENT_TARGET = 15.5;
				MTL_ENABLE_DEBUG_INFO = NO;
				MTL_FAST_MATH = YES;
				SDKROOT = iphoneos;
				SWIFT_COMPILATION_MODE = wholemodule;
				SWIFT_OPTIMIZATION_LEVEL = "-O";
				VALIDATE_PRODUCT = YES;
			};
			name = Release;
		};
		6D4FBFFD2875EA4D00C791EB /* Debug */ = {
			isa = XCBuildConfiguration;
			buildSettings = {
				ASSETCATALOG_COMPILER_APPICON_NAME = AppIcon;
				ASSETCATALOG_COMPILER_GLOBAL_ACCENT_COLOR_NAME = AccentColor;
				CODE_SIGN_STYLE = Automatic;
				CURRENT_PROJECT_VERSION = 1;
				GENERATE_INFOPLIST_FILE = YES;
				INFOPLIST_FILE = WeatherApp/Info.plist;
				INFOPLIST_KEY_UIApplicationSupportsIndirectInputEvents = YES;
				INFOPLIST_KEY_UILaunchStoryboardName = LaunchScreen;
				INFOPLIST_KEY_UIMainStoryboardFile = Main;
				INFOPLIST_KEY_UISupportedInterfaceOrientations_iPad = "UIInterfaceOrientationPortrait UIInterfaceOrientationPortraitUpsideDown UIInterfaceOrientationLandscapeLeft UIInterfaceOrientationLandscapeRight";
				INFOPLIST_KEY_UISupportedInterfaceOrientations_iPhone = "UIInterfaceOrientationPortrait UIInterfaceOrientationLandscapeLeft UIInterfaceOrientationLandscapeRight";
				LD_RUNPATH_SEARCH_PATHS = (
					"$(inherited)",
					"@executable_path/Frameworks",
				);
				MARKETING_VERSION = 1.0;
				PRODUCT_BUNDLE_IDENTIFIER = jesus.WeatherApp;
				PRODUCT_NAME = "$(TARGET_NAME)";
				SWIFT_EMIT_LOC_STRINGS = YES;
				SWIFT_VERSION = 5.0;
				TARGETED_DEVICE_FAMILY = "1,2";
			};
			name = Debug;
		};
		6D4FBFFE2875EA4D00C791EB /* Release */ = {
			isa = XCBuildConfiguration;
			buildSettings = {
				ASSETCATALOG_COMPILER_APPICON_NAME = AppIcon;
				ASSETCATALOG_COMPILER_GLOBAL_ACCENT_COLOR_NAME = AccentColor;
				CODE_SIGN_STYLE = Automatic;
				CURRENT_PROJECT_VERSION = 1;
				GENERATE_INFOPLIST_FILE = YES;
				INFOPLIST_FILE = WeatherApp/Info.plist;
				INFOPLIST_KEY_UIApplicationSupportsIndirectInputEvents = YES;
				INFOPLIST_KEY_UILaunchStoryboardName = LaunchScreen;
				INFOPLIST_KEY_UIMainStoryboardFile = Main;
				INFOPLIST_KEY_UISupportedInterfaceOrientations_iPad = "UIInterfaceOrientationPortrait UIInterfaceOrientationPortraitUpsideDown UIInterfaceOrientationLandscapeLeft UIInterfaceOrientationLandscapeRight";
				INFOPLIST_KEY_UISupportedInterfaceOrientations_iPhone = "UIInterfaceOrientationPortrait UIInterfaceOrientationLandscapeLeft UIInterfaceOrientationLandscapeRight";
				LD_RUNPATH_SEARCH_PATHS = (
					"$(inherited)",
					"@executable_path/Frameworks",
				);
				MARKETING_VERSION = 1.0;
				PRODUCT_BUNDLE_IDENTIFIER = jesus.WeatherApp;
				PRODUCT_NAME = "$(TARGET_NAME)";
				SWIFT_EMIT_LOC_STRINGS = YES;
				SWIFT_VERSION = 5.0;
				TARGETED_DEVICE_FAMILY = "1,2";
			};
			name = Release;
		};
		6D4FC0002875EA4D00C791EB /* Debug */ = {
			isa = XCBuildConfiguration;
			buildSettings = {
				ALWAYS_EMBED_SWIFT_STANDARD_LIBRARIES = YES;
				BUNDLE_LOADER = "$(TEST_HOST)";
				CODE_SIGN_STYLE = Automatic;
				CURRENT_PROJECT_VERSION = 1;
				GENERATE_INFOPLIST_FILE = YES;
				IPHONEOS_DEPLOYMENT_TARGET = 15.5;
				MARKETING_VERSION = 1.0;
				PRODUCT_BUNDLE_IDENTIFIER = jesus.WeatherAppTests;
				PRODUCT_NAME = "$(TARGET_NAME)";
				SWIFT_EMIT_LOC_STRINGS = NO;
				SWIFT_VERSION = 5.0;
				TARGETED_DEVICE_FAMILY = "1,2";
				TEST_HOST = "$(BUILT_PRODUCTS_DIR)/WeatherApp.app/WeatherApp";
			};
			name = Debug;
		};
		6D4FC0012875EA4D00C791EB /* Release */ = {
			isa = XCBuildConfiguration;
			buildSettings = {
				ALWAYS_EMBED_SWIFT_STANDARD_LIBRARIES = YES;
				BUNDLE_LOADER = "$(TEST_HOST)";
				CODE_SIGN_STYLE = Automatic;
				CURRENT_PROJECT_VERSION = 1;
				GENERATE_INFOPLIST_FILE = YES;
				IPHONEOS_DEPLOYMENT_TARGET = 15.5;
				MARKETING_VERSION = 1.0;
				PRODUCT_BUNDLE_IDENTIFIER = jesus.WeatherAppTests;
				PRODUCT_NAME = "$(TARGET_NAME)";
				SWIFT_EMIT_LOC_STRINGS = NO;
				SWIFT_VERSION = 5.0;
				TARGETED_DEVICE_FAMILY = "1,2";
				TEST_HOST = "$(BUILT_PRODUCTS_DIR)/WeatherApp.app/WeatherApp";
			};
			name = Release;
		};
		6D4FC0032875EA4D00C791EB /* Debug */ = {
			isa = XCBuildConfiguration;
			buildSettings = {
				ALWAYS_EMBED_SWIFT_STANDARD_LIBRARIES = YES;
				CODE_SIGN_STYLE = Automatic;
				CURRENT_PROJECT_VERSION = 1;
				GENERATE_INFOPLIST_FILE = YES;
				MARKETING_VERSION = 1.0;
				PRODUCT_BUNDLE_IDENTIFIER = jesus.WeatherAppUITests;
				PRODUCT_NAME = "$(TARGET_NAME)";
				SWIFT_EMIT_LOC_STRINGS = NO;
				SWIFT_VERSION = 5.0;
				TARGETED_DEVICE_FAMILY = "1,2";
				TEST_TARGET_NAME = WeatherApp;
			};
			name = Debug;
		};
		6D4FC0042875EA4D00C791EB /* Release */ = {
			isa = XCBuildConfiguration;
			buildSettings = {
				ALWAYS_EMBED_SWIFT_STANDARD_LIBRARIES = YES;
				CODE_SIGN_STYLE = Automatic;
				CURRENT_PROJECT_VERSION = 1;
				GENERATE_INFOPLIST_FILE = YES;
				MARKETING_VERSION = 1.0;
				PRODUCT_BUNDLE_IDENTIFIER = jesus.WeatherAppUITests;
				PRODUCT_NAME = "$(TARGET_NAME)";
				SWIFT_EMIT_LOC_STRINGS = NO;
				SWIFT_VERSION = 5.0;
				TARGETED_DEVICE_FAMILY = "1,2";
				TEST_TARGET_NAME = WeatherApp;
			};
			name = Release;
		};
/* End XCBuildConfiguration section */

/* Begin XCConfigurationList section */
		6D4FBFCA2875EA4C00C791EB /* Build configuration list for PBXProject "WeatherApp" */ = {
			isa = XCConfigurationList;
			buildConfigurations = (
				6D4FBFFA2875EA4D00C791EB /* Debug */,
				6D4FBFFB2875EA4D00C791EB /* Release */,
			);
			defaultConfigurationIsVisible = 0;
			defaultConfigurationName = Release;
		};
		6D4FBFFC2875EA4D00C791EB /* Build configuration list for PBXNativeTarget "WeatherApp" */ = {
			isa = XCConfigurationList;
			buildConfigurations = (
				6D4FBFFD2875EA4D00C791EB /* Debug */,
				6D4FBFFE2875EA4D00C791EB /* Release */,
			);
			defaultConfigurationIsVisible = 0;
			defaultConfigurationName = Release;
		};
		6D4FBFFF2875EA4D00C791EB /* Build configuration list for PBXNativeTarget "WeatherAppTests" */ = {
			isa = XCConfigurationList;
			buildConfigurations = (
				6D4FC0002875EA4D00C791EB /* Debug */,
				6D4FC0012875EA4D00C791EB /* Release */,
			);
			defaultConfigurationIsVisible = 0;
			defaultConfigurationName = Release;
		};
		6D4FC0022875EA4D00C791EB /* Build configuration list for PBXNativeTarget "WeatherAppUITests" */ = {
			isa = XCConfigurationList;
			buildConfigurations = (
				6D4FC0032875EA4D00C791EB /* Debug */,
				6D4FC0042875EA4D00C791EB /* Release */,
			);
			defaultConfigurationIsVisible = 0;
			defaultConfigurationName = Release;
		};
/* End XCConfigurationList section */

/* Begin XCVersionGroup section */
		6D4FBFDB2875EA4C00C791EB /* WeatherApp.xcdatamodeld */ = {
			isa = XCVersionGroup;
			children = (
				6D4FBFDC2875EA4C00C791EB /* WeatherApp.xcdatamodel */,
			);
			currentVersion = 6D4FBFDC2875EA4C00C791EB /* WeatherApp.xcdatamodel */;
			path = WeatherApp.xcdatamodeld;
			sourceTree = "<group>";
			versionGroupType = wrapper.xcdatamodel;
		};
/* End XCVersionGroup section */
	};
	rootObject = 6D4FBFC72875EA4C00C791EB /* Project object */;
}
